// !$*UTF8*$!
{
	archiveVersion = 1;
	classes = {
	};
	objectVersion = 55;
	objects = {

/* Begin PBXBuildFile section */
		6819ACC2283ECD8E00CCBFD5 /* MetalView.swift in Sources */ = {isa = PBXBuildFile; fileRef = 6819ACC1283ECD8E00CCBFD5 /* MetalView.swift */; };
		6819ACC3283ECD8E00CCBFD5 /* MetalView.swift in Sources */ = {isa = PBXBuildFile; fileRef = 6819ACC1283ECD8E00CCBFD5 /* MetalView.swift */; };
		6819ACC5283EDFFC00CCBFD5 /* MetalViewShader.metal in Sources */ = {isa = PBXBuildFile; fileRef = 6819ACC4283EDFFC00CCBFD5 /* MetalViewShader.metal */; };
		6819ACC6283EDFFC00CCBFD5 /* MetalViewShader.metal in Sources */ = {isa = PBXBuildFile; fileRef = 6819ACC4283EDFFC00CCBFD5 /* MetalViewShader.metal */; };
		6845559E283D8044004AD3FB /* Project256App.swift in Sources */ = {isa = PBXBuildFile; fileRef = 6845558E283D8043004AD3FB /* Project256App.swift */; };
		6845559F283D8044004AD3FB /* Project256App.swift in Sources */ = {isa = PBXBuildFile; fileRef = 6845558E283D8043004AD3FB /* Project256App.swift */; };
		684555AB283D86C9004AD3FB /* Assets.xcassets in Resources */ = {isa = PBXBuildFile; fileRef = 684555AA283D86C9004AD3FB /* Assets.xcassets */; };
		684555AC283D86C9004AD3FB /* Assets.xcassets in Resources */ = {isa = PBXBuildFile; fileRef = 684555AA283D86C9004AD3FB /* Assets.xcassets */; };
		685035D3283F9D4E00355252 /* Project256.cpp in Sources */ = {isa = PBXBuildFile; fileRef = 68455589283D7F08004AD3FB /* Project256.cpp */; };
		685035D4283F9D4F00355252 /* Project256.cpp in Sources */ = {isa = PBXBuildFile; fileRef = 68455589283D7F08004AD3FB /* Project256.cpp */; };
		685035D628428EE200355252 /* GameState.swift in Sources */ = {isa = PBXBuildFile; fileRef = 685035D528428EE200355252 /* GameState.swift */; };
		685035D728428EE200355252 /* GameState.swift in Sources */ = {isa = PBXBuildFile; fileRef = 685035D528428EE200355252 /* GameState.swift */; };
		685035D92842921900355252 /* DrawBuffer.swift in Sources */ = {isa = PBXBuildFile; fileRef = 685035D82842921900355252 /* DrawBuffer.swift */; };
		685035DA2842921900355252 /* DrawBuffer.swift in Sources */ = {isa = PBXBuildFile; fileRef = 685035D82842921900355252 /* DrawBuffer.swift */; };
		689A250C284BE37D0086DD58 /* Palettes.cpp in Sources */ = {isa = PBXBuildFile; fileRef = 689A250B284BE37D0086DD58 /* Palettes.cpp */; };
		689A250D284BE37D0086DD58 /* Palettes.cpp in Sources */ = {isa = PBXBuildFile; fileRef = 689A250B284BE37D0086DD58 /* Palettes.cpp */; };
		68A2CB03284817490071CA62 /* StructHelpers.cpp in Sources */ = {isa = PBXBuildFile; fileRef = 68A2CB01284817490071CA62 /* StructHelpers.cpp */; };
		68A2CB04284817490071CA62 /* StructHelpers.cpp in Sources */ = {isa = PBXBuildFile; fileRef = 68A2CB01284817490071CA62 /* StructHelpers.cpp */; };
/* End PBXBuildFile section */

/* Begin PBXFileReference section */
		6819ACC1283ECD8E00CCBFD5 /* MetalView.swift */ = {isa = PBXFileReference; lastKnownFileType = sourcecode.swift; path = MetalView.swift; sourceTree = "<group>"; };
		6819ACC4283EDFFC00CCBFD5 /* MetalViewShader.metal */ = {isa = PBXFileReference; lastKnownFileType = sourcecode.metal; path = MetalViewShader.metal; sourceTree = "<group>"; };
		6819ACC7283EE19500CCBFD5 /* MetalViewShaderTypes.h */ = {isa = PBXFileReference; lastKnownFileType = sourcecode.c.h; path = MetalViewShaderTypes.h; sourceTree = "<group>"; };
		6819ACC8283EE6CB00CCBFD5 /* BridgeHeader.h */ = {isa = PBXFileReference; lastKnownFileType = sourcecode.c.h; path = BridgeHeader.h; sourceTree = "<group>"; };
		68455589283D7F08004AD3FB /* Project256.cpp */ = {isa = PBXFileReference; lastKnownFileType = sourcecode.cpp.cpp; name = Project256.cpp; path = ../../src/game/Project256.cpp; sourceTree = "<group>"; };
		6845558A283D7F08004AD3FB /* Project256.h */ = {isa = PBXFileReference; fileEncoding = 4; lastKnownFileType = sourcecode.c.h; name = Project256.h; path = ../../src/game/Project256.h; sourceTree = "<group>"; };
		6845558E283D8043004AD3FB /* Project256App.swift */ = {isa = PBXFileReference; lastKnownFileType = sourcecode.swift; path = Project256App.swift; sourceTree = "<group>"; };
		68455595283D8044004AD3FB /* Project256.app */ = {isa = PBXFileReference; explicitFileType = wrapper.application; includeInIndex = 0; path = Project256.app; sourceTree = BUILT_PRODUCTS_DIR; };
		6845559B283D8044004AD3FB /* Project256.app */ = {isa = PBXFileReference; explicitFileType = wrapper.application; includeInIndex = 0; path = Project256.app; sourceTree = BUILT_PRODUCTS_DIR; };
		6845559D283D8044004AD3FB /* macOS.entitlements */ = {isa = PBXFileReference; lastKnownFileType = text.plist.entitlements; path = macOS.entitlements; sourceTree = "<group>"; };
		684555AA283D86C9004AD3FB /* Assets.xcassets */ = {isa = PBXFileReference; lastKnownFileType = folder.assetcatalog; path = Assets.xcassets; sourceTree = "<group>"; };
		685035D528428EE200355252 /* GameState.swift */ = {isa = PBXFileReference; lastKnownFileType = sourcecode.swift; path = GameState.swift; sourceTree = "<group>"; };
		685035D82842921900355252 /* DrawBuffer.swift */ = {isa = PBXFileReference; lastKnownFileType = sourcecode.swift; path = DrawBuffer.swift; sourceTree = "<group>"; };
		689A250B284BE37D0086DD58 /* Palettes.cpp */ = {isa = PBXFileReference; lastKnownFileType = sourcecode.cpp.cpp; name = Palettes.cpp; path = ../../src/game/Drawing/Palettes.cpp; sourceTree = "<group>"; };
		68A2CB01284817490071CA62 /* StructHelpers.cpp */ = {isa = PBXFileReference; lastKnownFileType = sourcecode.cpp.cpp; path = StructHelpers.cpp; sourceTree = "<group>"; };
		68A2CB02284817490071CA62 /* StructHelpers.h */ = {isa = PBXFileReference; lastKnownFileType = sourcecode.c.h; path = StructHelpers.h; sourceTree = "<group>"; };
/* End PBXFileReference section */

/* Begin PBXFrameworksBuildPhase section */
		68455592283D8044004AD3FB /* Frameworks */ = {
			isa = PBXFrameworksBuildPhase;
			buildActionMask = 2147483647;
			files = (
			);
			runOnlyForDeploymentPostprocessing = 0;
		};
		68455598283D8044004AD3FB /* Frameworks */ = {
			isa = PBXFrameworksBuildPhase;
			buildActionMask = 2147483647;
			files = (
			);
			runOnlyForDeploymentPostprocessing = 0;
		};
/* End PBXFrameworksBuildPhase section */

/* Begin PBXGroup section */
		6845558B283D7F22004AD3FB /* Platform */ = {
			isa = PBXGroup;
			children = (
				684555AA283D86C9004AD3FB /* Assets.xcassets */,
				6845558E283D8043004AD3FB /* Project256App.swift */,
				6819ACC1283ECD8E00CCBFD5 /* MetalView.swift */,
				6819ACC4283EDFFC00CCBFD5 /* MetalViewShader.metal */,
				6819ACC7283EE19500CCBFD5 /* MetalViewShaderTypes.h */,
				6819ACC8283EE6CB00CCBFD5 /* BridgeHeader.h */,
				685035D528428EE200355252 /* GameState.swift */,
				685035D82842921900355252 /* DrawBuffer.swift */,
				68A2CB01284817490071CA62 /* StructHelpers.cpp */,
				68A2CB02284817490071CA62 /* StructHelpers.h */,
			);
			name = Platform;
			path = ../../src/platform_swiftui;
			sourceTree = "<group>";
		};
		68455596283D8044004AD3FB /* Products */ = {
			isa = PBXGroup;
			children = (
				68455595283D8044004AD3FB /* Project256.app */,
				6845559B283D8044004AD3FB /* Project256.app */,
			);
			name = Products;
			sourceTree = "<group>";
		};
		6845559C283D8044004AD3FB /* macOS */ = {
			isa = PBXGroup;
			children = (
				6845559D283D8044004AD3FB /* macOS.entitlements */,
			);
			path = macOS;
			sourceTree = "<group>";
		};
		687B91AD283D7E95007604C7 = {
			isa = PBXGroup;
			children = (
				689A250B284BE37D0086DD58 /* Palettes.cpp */,
				6845558B283D7F22004AD3FB /* Platform */,
				68455589283D7F08004AD3FB /* Project256.cpp */,
				6845558A283D7F08004AD3FB /* Project256.h */,
				6845559C283D8044004AD3FB /* macOS */,
				68455596283D8044004AD3FB /* Products */,
			);
			sourceTree = "<group>";
		};
/* End PBXGroup section */

/* Begin PBXNativeTarget section */
		68455594283D8044004AD3FB /* Project256 (iOS) */ = {
			isa = PBXNativeTarget;
			buildConfigurationList = 684555A4283D8044004AD3FB /* Build configuration list for PBXNativeTarget "Project256 (iOS)" */;
			buildPhases = (
				68455591283D8044004AD3FB /* Sources */,
				68455592283D8044004AD3FB /* Frameworks */,
				68455593283D8044004AD3FB /* Resources */,
			);
			buildRules = (
			);
			dependencies = (
			);
			name = "Project256 (iOS)";
			productName = "Project256 (iOS)";
			productReference = 68455595283D8044004AD3FB /* Project256.app */;
			productType = "com.apple.product-type.application";
		};
		6845559A283D8044004AD3FB /* Project256 (macOS) */ = {
			isa = PBXNativeTarget;
			buildConfigurationList = 684555A7283D8044004AD3FB /* Build configuration list for PBXNativeTarget "Project256 (macOS)" */;
			buildPhases = (
				68455597283D8044004AD3FB /* Sources */,
				68455598283D8044004AD3FB /* Frameworks */,
				68455599283D8044004AD3FB /* Resources */,
			);
			buildRules = (
			);
			dependencies = (
			);
			name = "Project256 (macOS)";
			productName = "Project256 (macOS)";
			productReference = 6845559B283D8044004AD3FB /* Project256.app */;
			productType = "com.apple.product-type.application";
		};
/* End PBXNativeTarget section */

/* Begin PBXProject section */
		687B91AE283D7E95007604C7 /* Project object */ = {
			isa = PBXProject;
			attributes = {
				BuildIndependentTargetsInParallel = 1;
				LastSwiftUpdateCheck = 1340;
				LastUpgradeCheck = 1340;
				TargetAttributes = {
					68455594283D8044004AD3FB = {
						CreatedOnToolsVersion = 13.4;
					};
					6845559A283D8044004AD3FB = {
						CreatedOnToolsVersion = 13.4;
					};
				};
			};
			buildConfigurationList = 687B91B1283D7E95007604C7 /* Build configuration list for PBXProject "Project256" */;
			compatibilityVersion = "Xcode 13.0";
			developmentRegion = en;
			hasScannedForEncodings = 0;
			knownRegions = (
				en,
				Base,
			);
			mainGroup = 687B91AD283D7E95007604C7;
			productRefGroup = 68455596283D8044004AD3FB /* Products */;
			projectDirPath = "";
			projectRoot = "";
			targets = (
				68455594283D8044004AD3FB /* Project256 (iOS) */,
				6845559A283D8044004AD3FB /* Project256 (macOS) */,
			);
		};
/* End PBXProject section */

/* Begin PBXResourcesBuildPhase section */
		68455593283D8044004AD3FB /* Resources */ = {
			isa = PBXResourcesBuildPhase;
			buildActionMask = 2147483647;
			files = (
				684555AB283D86C9004AD3FB /* Assets.xcassets in Resources */,
			);
			runOnlyForDeploymentPostprocessing = 0;
		};
		68455599283D8044004AD3FB /* Resources */ = {
			isa = PBXResourcesBuildPhase;
			buildActionMask = 2147483647;
			files = (
				684555AC283D86C9004AD3FB /* Assets.xcassets in Resources */,
			);
			runOnlyForDeploymentPostprocessing = 0;
		};
/* End PBXResourcesBuildPhase section */

/* Begin PBXSourcesBuildPhase section */
		68455591283D8044004AD3FB /* Sources */ = {
			isa = PBXSourcesBuildPhase;
			buildActionMask = 2147483647;
			files = (
				6819ACC2283ECD8E00CCBFD5 /* MetalView.swift in Sources */,
				685035D92842921900355252 /* DrawBuffer.swift in Sources */,
				68A2CB03284817490071CA62 /* StructHelpers.cpp in Sources */,
				685035D3283F9D4E00355252 /* Project256.cpp in Sources */,
				685035D628428EE200355252 /* GameState.swift in Sources */,
				6819ACC5283EDFFC00CCBFD5 /* MetalViewShader.metal in Sources */,
				6845559E283D8044004AD3FB /* Project256App.swift in Sources */,
				689A250C284BE37D0086DD58 /* Palettes.cpp in Sources */,
			);
			runOnlyForDeploymentPostprocessing = 0;
		};
		68455597283D8044004AD3FB /* Sources */ = {
			isa = PBXSourcesBuildPhase;
			buildActionMask = 2147483647;
			files = (
				6819ACC3283ECD8E00CCBFD5 /* MetalView.swift in Sources */,
				685035DA2842921900355252 /* DrawBuffer.swift in Sources */,
				68A2CB04284817490071CA62 /* StructHelpers.cpp in Sources */,
				685035D4283F9D4F00355252 /* Project256.cpp in Sources */,
				685035D728428EE200355252 /* GameState.swift in Sources */,
				6819ACC6283EDFFC00CCBFD5 /* MetalViewShader.metal in Sources */,
				6845559F283D8044004AD3FB /* Project256App.swift in Sources */,
				689A250D284BE37D0086DD58 /* Palettes.cpp in Sources */,
			);
			runOnlyForDeploymentPostprocessing = 0;
		};
/* End PBXSourcesBuildPhase section */

/* Begin XCBuildConfiguration section */
		684555A5283D8044004AD3FB /* Debug */ = {
			isa = XCBuildConfiguration;
			buildSettings = {
				ALWAYS_SEARCH_USER_PATHS = NO;
				ASSETCATALOG_COMPILER_APPICON_NAME = AppIcon;
				ASSETCATALOG_COMPILER_GLOBAL_ACCENT_COLOR_NAME = AccentColor;
				CLANG_ANALYZER_NONNULL = YES;
				CLANG_ANALYZER_NUMBER_OBJECT_CONVERSION = YES_AGGRESSIVE;
				CLANG_CXX_LANGUAGE_STANDARD = "gnu++17";
				CLANG_ENABLE_MODULES = YES;
				CLANG_ENABLE_OBJC_ARC = YES;
				CLANG_ENABLE_OBJC_WEAK = YES;
				CLANG_WARN_BLOCK_CAPTURE_AUTORELEASING = YES;
				CLANG_WARN_BOOL_CONVERSION = YES;
				CLANG_WARN_COMMA = YES;
				CLANG_WARN_CONSTANT_CONVERSION = YES;
				CLANG_WARN_DEPRECATED_OBJC_IMPLEMENTATIONS = YES;
				CLANG_WARN_DIRECT_OBJC_ISA_USAGE = YES_ERROR;
				CLANG_WARN_DOCUMENTATION_COMMENTS = YES;
				CLANG_WARN_EMPTY_BODY = YES;
				CLANG_WARN_ENUM_CONVERSION = YES;
				CLANG_WARN_INFINITE_RECURSION = YES;
				CLANG_WARN_INT_CONVERSION = YES;
				CLANG_WARN_NON_LITERAL_NULL_CONVERSION = YES;
				CLANG_WARN_OBJC_IMPLICIT_RETAIN_SELF = YES;
				CLANG_WARN_OBJC_LITERAL_CONVERSION = YES;
				CLANG_WARN_OBJC_ROOT_CLASS = YES_ERROR;
				CLANG_WARN_QUOTED_INCLUDE_IN_FRAMEWORK_HEADER = YES;
				CLANG_WARN_RANGE_LOOP_ANALYSIS = YES;
				CLANG_WARN_STRICT_PROTOTYPES = YES;
				CLANG_WARN_SUSPICIOUS_MOVE = YES;
				CLANG_WARN_UNGUARDED_AVAILABILITY = YES_AGGRESSIVE;
				CLANG_WARN_UNREACHABLE_CODE = YES;
				CLANG_WARN__DUPLICATE_METHOD_MATCH = YES;
				CODE_SIGN_STYLE = Automatic;
				COPY_PHASE_STRIP = NO;
				CURRENT_PROJECT_VERSION = 1;
				DEBUG_INFORMATION_FORMAT = dwarf;
				ENABLE_PREVIEWS = YES;
				ENABLE_STRICT_OBJC_MSGSEND = YES;
				ENABLE_TESTABILITY = YES;
				GCC_C_LANGUAGE_STANDARD = gnu11;
				GCC_DYNAMIC_NO_PIC = NO;
				GCC_NO_COMMON_BLOCKS = YES;
				GCC_OPTIMIZATION_LEVEL = 0;
				GCC_PREPROCESSOR_DEFINITIONS = (
					"DEBUG=1",
					"$(inherited)",
				);
				GCC_WARN_64_TO_32_BIT_CONVERSION = YES;
				GCC_WARN_ABOUT_RETURN_TYPE = YES_ERROR;
				GCC_WARN_UNDECLARED_SELECTOR = YES;
				GCC_WARN_UNINITIALIZED_AUTOS = YES_AGGRESSIVE;
				GCC_WARN_UNUSED_FUNCTION = YES;
				GCC_WARN_UNUSED_VARIABLE = YES;
				GENERATE_INFOPLIST_FILE = YES;
				INFOPLIST_KEY_UIApplicationSceneManifest_Generation = YES;
				INFOPLIST_KEY_UIApplicationSupportsIndirectInputEvents = YES;
				INFOPLIST_KEY_UILaunchScreen_Generation = YES;
				INFOPLIST_KEY_UISupportedInterfaceOrientations_iPad = "UIInterfaceOrientationPortrait UIInterfaceOrientationPortraitUpsideDown UIInterfaceOrientationLandscapeLeft UIInterfaceOrientationLandscapeRight";
				INFOPLIST_KEY_UISupportedInterfaceOrientations_iPhone = "UIInterfaceOrientationPortrait UIInterfaceOrientationLandscapeLeft UIInterfaceOrientationLandscapeRight";
				IPHONEOS_DEPLOYMENT_TARGET = 15.5;
				LD_RUNPATH_SEARCH_PATHS = (
					"$(inherited)",
					"@executable_path/Frameworks",
				);
				MARKETING_VERSION = 1.0;
				MTL_ENABLE_DEBUG_INFO = INCLUDE_SOURCE;
				MTL_FAST_MATH = YES;
				ONLY_ACTIVE_ARCH = YES;
				PRODUCT_BUNDLE_IDENTIFIER = onebitwonder.Project256;
				PRODUCT_NAME = Project256;
				SDKROOT = iphoneos;
				SWIFT_ACTIVE_COMPILATION_CONDITIONS = DEBUG;
				SWIFT_EMIT_LOC_STRINGS = YES;
				SWIFT_OPTIMIZATION_LEVEL = "-Onone";
				SWIFT_VERSION = 5.0;
				TARGETED_DEVICE_FAMILY = "1,2";
			};
			name = Debug;
		};
		684555A6283D8044004AD3FB /* Release */ = {
			isa = XCBuildConfiguration;
			buildSettings = {
				ALWAYS_SEARCH_USER_PATHS = NO;
				ASSETCATALOG_COMPILER_APPICON_NAME = AppIcon;
				ASSETCATALOG_COMPILER_GLOBAL_ACCENT_COLOR_NAME = AccentColor;
				CLANG_ANALYZER_NONNULL = YES;
				CLANG_ANALYZER_NUMBER_OBJECT_CONVERSION = YES_AGGRESSIVE;
				CLANG_CXX_LANGUAGE_STANDARD = "gnu++17";
				CLANG_ENABLE_MODULES = YES;
				CLANG_ENABLE_OBJC_ARC = YES;
				CLANG_ENABLE_OBJC_WEAK = YES;
				CLANG_WARN_BLOCK_CAPTURE_AUTORELEASING = YES;
				CLANG_WARN_BOOL_CONVERSION = YES;
				CLANG_WARN_COMMA = YES;
				CLANG_WARN_CONSTANT_CONVERSION = YES;
				CLANG_WARN_DEPRECATED_OBJC_IMPLEMENTATIONS = YES;
				CLANG_WARN_DIRECT_OBJC_ISA_USAGE = YES_ERROR;
				CLANG_WARN_DOCUMENTATION_COMMENTS = YES;
				CLANG_WARN_EMPTY_BODY = YES;
				CLANG_WARN_ENUM_CONVERSION = YES;
				CLANG_WARN_INFINITE_RECURSION = YES;
				CLANG_WARN_INT_CONVERSION = YES;
				CLANG_WARN_NON_LITERAL_NULL_CONVERSION = YES;
				CLANG_WARN_OBJC_IMPLICIT_RETAIN_SELF = YES;
				CLANG_WARN_OBJC_LITERAL_CONVERSION = YES;
				CLANG_WARN_OBJC_ROOT_CLASS = YES_ERROR;
				CLANG_WARN_QUOTED_INCLUDE_IN_FRAMEWORK_HEADER = YES;
				CLANG_WARN_RANGE_LOOP_ANALYSIS = YES;
				CLANG_WARN_STRICT_PROTOTYPES = YES;
				CLANG_WARN_SUSPICIOUS_MOVE = YES;
				CLANG_WARN_UNGUARDED_AVAILABILITY = YES_AGGRESSIVE;
				CLANG_WARN_UNREACHABLE_CODE = YES;
				CLANG_WARN__DUPLICATE_METHOD_MATCH = YES;
				CODE_SIGN_STYLE = Automatic;
				COPY_PHASE_STRIP = NO;
				CURRENT_PROJECT_VERSION = 1;
				DEBUG_INFORMATION_FORMAT = "dwarf-with-dsym";
				ENABLE_NS_ASSERTIONS = NO;
				ENABLE_PREVIEWS = YES;
				ENABLE_STRICT_OBJC_MSGSEND = YES;
				GCC_C_LANGUAGE_STANDARD = gnu11;
				GCC_NO_COMMON_BLOCKS = YES;
				GCC_WARN_64_TO_32_BIT_CONVERSION = YES;
				GCC_WARN_ABOUT_RETURN_TYPE = YES_ERROR;
				GCC_WARN_UNDECLARED_SELECTOR = YES;
				GCC_WARN_UNINITIALIZED_AUTOS = YES_AGGRESSIVE;
				GCC_WARN_UNUSED_FUNCTION = YES;
				GCC_WARN_UNUSED_VARIABLE = YES;
				GENERATE_INFOPLIST_FILE = YES;
				INFOPLIST_KEY_UIApplicationSceneManifest_Generation = YES;
				INFOPLIST_KEY_UIApplicationSupportsIndirectInputEvents = YES;
				INFOPLIST_KEY_UILaunchScreen_Generation = YES;
				INFOPLIST_KEY_UISupportedInterfaceOrientations_iPad = "UIInterfaceOrientationPortrait UIInterfaceOrientationPortraitUpsideDown UIInterfaceOrientationLandscapeLeft UIInterfaceOrientationLandscapeRight";
				INFOPLIST_KEY_UISupportedInterfaceOrientations_iPhone = "UIInterfaceOrientationPortrait UIInterfaceOrientationLandscapeLeft UIInterfaceOrientationLandscapeRight";
				IPHONEOS_DEPLOYMENT_TARGET = 15.5;
				LD_RUNPATH_SEARCH_PATHS = (
					"$(inherited)",
					"@executable_path/Frameworks",
				);
				MARKETING_VERSION = 1.0;
				MTL_ENABLE_DEBUG_INFO = NO;
				MTL_FAST_MATH = YES;
				PRODUCT_BUNDLE_IDENTIFIER = onebitwonder.Project256;
				PRODUCT_NAME = Project256;
				SDKROOT = iphoneos;
				SWIFT_COMPILATION_MODE = wholemodule;
				SWIFT_EMIT_LOC_STRINGS = YES;
				SWIFT_OPTIMIZATION_LEVEL = "-O";
				SWIFT_VERSION = 5.0;
				TARGETED_DEVICE_FAMILY = "1,2";
				VALIDATE_PRODUCT = YES;
			};
			name = Release;
		};
		684555A8283D8044004AD3FB /* Debug */ = {
			isa = XCBuildConfiguration;
			buildSettings = {
				ALWAYS_SEARCH_USER_PATHS = NO;
				ASSETCATALOG_COMPILER_APPICON_NAME = AppIcon;
				ASSETCATALOG_COMPILER_GLOBAL_ACCENT_COLOR_NAME = AccentColor;
				CLANG_ANALYZER_NONNULL = YES;
				CLANG_ANALYZER_NUMBER_OBJECT_CONVERSION = YES_AGGRESSIVE;
				CLANG_CXX_LANGUAGE_STANDARD = "gnu++17";
				CLANG_ENABLE_MODULES = YES;
				CLANG_ENABLE_OBJC_ARC = YES;
				CLANG_ENABLE_OBJC_WEAK = YES;
				CLANG_WARN_BLOCK_CAPTURE_AUTORELEASING = YES;
				CLANG_WARN_BOOL_CONVERSION = YES;
				CLANG_WARN_COMMA = YES;
				CLANG_WARN_CONSTANT_CONVERSION = YES;
				CLANG_WARN_DEPRECATED_OBJC_IMPLEMENTATIONS = YES;
				CLANG_WARN_DIRECT_OBJC_ISA_USAGE = YES_ERROR;
				CLANG_WARN_DOCUMENTATION_COMMENTS = YES;
				CLANG_WARN_EMPTY_BODY = YES;
				CLANG_WARN_ENUM_CONVERSION = YES;
				CLANG_WARN_INFINITE_RECURSION = YES;
				CLANG_WARN_INT_CONVERSION = YES;
				CLANG_WARN_NON_LITERAL_NULL_CONVERSION = YES;
				CLANG_WARN_OBJC_IMPLICIT_RETAIN_SELF = YES;
				CLANG_WARN_OBJC_LITERAL_CONVERSION = YES;
				CLANG_WARN_OBJC_ROOT_CLASS = YES_ERROR;
				CLANG_WARN_QUOTED_INCLUDE_IN_FRAMEWORK_HEADER = YES;
				CLANG_WARN_RANGE_LOOP_ANALYSIS = YES;
				CLANG_WARN_STRICT_PROTOTYPES = YES;
				CLANG_WARN_SUSPICIOUS_MOVE = YES;
				CLANG_WARN_UNGUARDED_AVAILABILITY = YES_AGGRESSIVE;
				CLANG_WARN_UNREACHABLE_CODE = YES;
				CLANG_WARN__DUPLICATE_METHOD_MATCH = YES;
				CODE_SIGN_ENTITLEMENTS = macOS/macOS.entitlements;
				CODE_SIGN_STYLE = Automatic;
				COMBINE_HIDPI_IMAGES = YES;
				COPY_PHASE_STRIP = NO;
				CURRENT_PROJECT_VERSION = 1;
				DEBUG_INFORMATION_FORMAT = dwarf;
				ENABLE_PREVIEWS = YES;
				ENABLE_STRICT_OBJC_MSGSEND = YES;
				ENABLE_TESTABILITY = YES;
				GCC_C_LANGUAGE_STANDARD = gnu11;
				GCC_DYNAMIC_NO_PIC = NO;
				GCC_NO_COMMON_BLOCKS = YES;
				GCC_OPTIMIZATION_LEVEL = 0;
				GCC_PREPROCESSOR_DEFINITIONS = (
					"DEBUG=1",
					"$(inherited)",
				);
				GCC_WARN_64_TO_32_BIT_CONVERSION = YES;
				GCC_WARN_ABOUT_RETURN_TYPE = YES_ERROR;
				GCC_WARN_UNDECLARED_SELECTOR = YES;
				GCC_WARN_UNINITIALIZED_AUTOS = YES_AGGRESSIVE;
				GCC_WARN_UNUSED_FUNCTION = YES;
				GCC_WARN_UNUSED_VARIABLE = YES;
				GENERATE_INFOPLIST_FILE = YES;
				INFOPLIST_KEY_NSHumanReadableCopyright = "";
				LD_RUNPATH_SEARCH_PATHS = (
					"$(inherited)",
					"@executable_path/../Frameworks",
				);
				MACOSX_DEPLOYMENT_TARGET = 12.3;
				MARKETING_VERSION = 1.0;
				MTL_ENABLE_DEBUG_INFO = INCLUDE_SOURCE;
				MTL_FAST_MATH = YES;
				ONLY_ACTIVE_ARCH = YES;
				PRODUCT_BUNDLE_IDENTIFIER = onebitwonder.Project256;
				PRODUCT_NAME = Project256;
				SDKROOT = macosx;
				SWIFT_ACTIVE_COMPILATION_CONDITIONS = DEBUG;
				SWIFT_EMIT_LOC_STRINGS = YES;
				SWIFT_OPTIMIZATION_LEVEL = "-Onone";
				SWIFT_VERSION = 5.0;
			};
			name = Debug;
		};
		684555A9283D8044004AD3FB /* Release */ = {
			isa = XCBuildConfiguration;
			buildSettings = {
				ALWAYS_SEARCH_USER_PATHS = NO;
				ASSETCATALOG_COMPILER_APPICON_NAME = AppIcon;
				ASSETCATALOG_COMPILER_GLOBAL_ACCENT_COLOR_NAME = AccentColor;
				CLANG_ANALYZER_NONNULL = YES;
				CLANG_ANALYZER_NUMBER_OBJECT_CONVERSION = YES_AGGRESSIVE;
				CLANG_CXX_LANGUAGE_STANDARD = "gnu++17";
				CLANG_ENABLE_MODULES = YES;
				CLANG_ENABLE_OBJC_ARC = YES;
				CLANG_ENABLE_OBJC_WEAK = YES;
				CLANG_WARN_BLOCK_CAPTURE_AUTORELEASING = YES;
				CLANG_WARN_BOOL_CONVERSION = YES;
				CLANG_WARN_COMMA = YES;
				CLANG_WARN_CONSTANT_CONVERSION = YES;
				CLANG_WARN_DEPRECATED_OBJC_IMPLEMENTATIONS = YES;
				CLANG_WARN_DIRECT_OBJC_ISA_USAGE = YES_ERROR;
				CLANG_WARN_DOCUMENTATION_COMMENTS = YES;
				CLANG_WARN_EMPTY_BODY = YES;
				CLANG_WARN_ENUM_CONVERSION = YES;
				CLANG_WARN_INFINITE_RECURSION = YES;
				CLANG_WARN_INT_CONVERSION = YES;
				CLANG_WARN_NON_LITERAL_NULL_CONVERSION = YES;
				CLANG_WARN_OBJC_IMPLICIT_RETAIN_SELF = YES;
				CLANG_WARN_OBJC_LITERAL_CONVERSION = YES;
				CLANG_WARN_OBJC_ROOT_CLASS = YES_ERROR;
				CLANG_WARN_QUOTED_INCLUDE_IN_FRAMEWORK_HEADER = YES;
				CLANG_WARN_RANGE_LOOP_ANALYSIS = YES;
				CLANG_WARN_STRICT_PROTOTYPES = YES;
				CLANG_WARN_SUSPICIOUS_MOVE = YES;
				CLANG_WARN_UNGUARDED_AVAILABILITY = YES_AGGRESSIVE;
				CLANG_WARN_UNREACHABLE_CODE = YES;
				CLANG_WARN__DUPLICATE_METHOD_MATCH = YES;
				CODE_SIGN_ENTITLEMENTS = macOS/macOS.entitlements;
				CODE_SIGN_STYLE = Automatic;
				COMBINE_HIDPI_IMAGES = YES;
				COPY_PHASE_STRIP = NO;
				CURRENT_PROJECT_VERSION = 1;
				DEBUG_INFORMATION_FORMAT = "dwarf-with-dsym";
				ENABLE_NS_ASSERTIONS = NO;
				ENABLE_PREVIEWS = YES;
				ENABLE_STRICT_OBJC_MSGSEND = YES;
				GCC_C_LANGUAGE_STANDARD = gnu11;
				GCC_NO_COMMON_BLOCKS = YES;
				GCC_WARN_64_TO_32_BIT_CONVERSION = YES;
				GCC_WARN_ABOUT_RETURN_TYPE = YES_ERROR;
				GCC_WARN_UNDECLARED_SELECTOR = YES;
				GCC_WARN_UNINITIALIZED_AUTOS = YES_AGGRESSIVE;
				GCC_WARN_UNUSED_FUNCTION = YES;
				GCC_WARN_UNUSED_VARIABLE = YES;
				GENERATE_INFOPLIST_FILE = YES;
				INFOPLIST_KEY_NSHumanReadableCopyright = "";
				LD_RUNPATH_SEARCH_PATHS = (
					"$(inherited)",
					"@executable_path/../Frameworks",
				);
				MACOSX_DEPLOYMENT_TARGET = 12.3;
				MARKETING_VERSION = 1.0;
				MTL_ENABLE_DEBUG_INFO = NO;
				MTL_FAST_MATH = YES;
				PRODUCT_BUNDLE_IDENTIFIER = onebitwonder.Project256;
				PRODUCT_NAME = Project256;
				SDKROOT = macosx;
				SWIFT_COMPILATION_MODE = wholemodule;
				SWIFT_EMIT_LOC_STRINGS = YES;
				SWIFT_OPTIMIZATION_LEVEL = "-O";
				SWIFT_VERSION = 5.0;
			};
			name = Release;
		};
		687B91B2283D7E95007604C7 /* Debug */ = {
			isa = XCBuildConfiguration;
			buildSettings = {
				CLANG_ADDRESS_SANITIZER_CONTAINER_OVERFLOW = YES;
				CLANG_CXX_LANGUAGE_STANDARD = "c++20";
				CLANG_ENABLE_CPP_STATIC_DESTRUCTORS = NO;
				CLANG_TIDY_BUGPRONE_REDUNDANT_BRANCH_CONDITION = YES;
				CLANG_TIDY_MISC_REDUNDANT_EXPRESSION = YES;
				GCC_C_LANGUAGE_STANDARD = c11;
				GCC_ENABLE_CPP_EXCEPTIONS = NO;
				GCC_ENABLE_CPP_RTTI = NO;
				GCC_FAST_MATH = YES;
				GCC_UNROLL_LOOPS = YES;
				SWIFT_COMPILATION_MODE = singlefile;
				SWIFT_ENFORCE_EXCLUSIVE_ACCESS = "debug-only";
				SWIFT_OBJC_BRIDGING_HEADER = ../../src/platform_swiftui/BridgeHeader.h;
				SWIFT_TREAT_WARNINGS_AS_ERRORS = YES;
			};
			name = Debug;
		};
		687B91B3283D7E95007604C7 /* Release */ = {
			isa = XCBuildConfiguration;
			buildSettings = {
				CLANG_ADDRESS_SANITIZER_CONTAINER_OVERFLOW = YES;
				CLANG_CXX_LANGUAGE_STANDARD = "c++20";
				CLANG_ENABLE_CPP_STATIC_DESTRUCTORS = NO;
				CLANG_TIDY_BUGPRONE_REDUNDANT_BRANCH_CONDITION = YES;
				CLANG_TIDY_MISC_REDUNDANT_EXPRESSION = YES;
				GCC_C_LANGUAGE_STANDARD = c11;
				GCC_ENABLE_CPP_EXCEPTIONS = NO;
				GCC_ENABLE_CPP_RTTI = NO;
				GCC_FAST_MATH = YES;
				GCC_UNROLL_LOOPS = YES;
				SWIFT_COMPILATION_MODE = singlefile;
				SWIFT_ENFORCE_EXCLUSIVE_ACCESS = "debug-only";
				SWIFT_OBJC_BRIDGING_HEADER = ../../src/platform_swiftui/BridgeHeader.h;
				SWIFT_TREAT_WARNINGS_AS_ERRORS = YES;
			};
			name = Release;
		};
/* End XCBuildConfiguration section */

/* Begin XCConfigurationList section */
		684555A4283D8044004AD3FB /* Build configuration list for PBXNativeTarget "Project256 (iOS)" */ = {
			isa = XCConfigurationList;
			buildConfigurations = (
				684555A5283D8044004AD3FB /* Debug */,
				684555A6283D8044004AD3FB /* Release */,
			);
			defaultConfigurationIsVisible = 0;
			defaultConfigurationName = Release;
		};
		684555A7283D8044004AD3FB /* Build configuration list for PBXNativeTarget "Project256 (macOS)" */ = {
			isa = XCConfigurationList;
			buildConfigurations = (
				684555A8283D8044004AD3FB /* Debug */,
				684555A9283D8044004AD3FB /* Release */,
			);
			defaultConfigurationIsVisible = 0;
			defaultConfigurationName = Release;
		};
		687B91B1283D7E95007604C7 /* Build configuration list for PBXProject "Project256" */ = {
			isa = XCConfigurationList;
			buildConfigurations = (
				687B91B2283D7E95007604C7 /* Debug */,
				687B91B3283D7E95007604C7 /* Release */,
			);
			defaultConfigurationIsVisible = 0;
			defaultConfigurationName = Release;
		};
/* End XCConfigurationList section */
	};
	rootObject = 687B91AE283D7E95007604C7 /* Project object */;
}
