<?xml version="1.0" encoding="utf-8"?>
<Project ToolsVersion="4.0" xmlns="http://schemas.microsoft.com/developer/msbuild/2003">
  <ItemGroup>
    <Filter Include="Source Files">
      <UniqueIdentifier>{4FC737F1-C7A5-4376-A066-2A32D752A2FF}</UniqueIdentifier>
      <Extensions>cpp;c;cc;cxx;c++;cppm;ixx;def;odl;idl;hpj;bat;asm;asmx</Extensions>
    </Filter>
    <Filter Include="Header Files">
      <UniqueIdentifier>{93995380-89BD-4b04-88EB-625FBE52EBFB}</UniqueIdentifier>
      <Extensions>h;hh;hpp;hxx;h++;hm;inl;inc;ipp;xsd</Extensions>
    </Filter>
    <Filter Include="Resource Files">
      <UniqueIdentifier>{67DA6AB6-F800-4c08-8B7A-83BB121AAD01}</UniqueIdentifier>
      <Extensions>rc;ico;cur;bmp;dlg;rc2;rct;bin;rgs;gif;jpg;jpeg;jpe;resx;tiff;tif;png;wav;mfcribbon-ms</Extensions>
    </Filter>
    <Filter Include="Source Files\Platform">
      <UniqueIdentifier>{0d4d1022-af6f-4e92-adaa-50d68f9bde8c}</UniqueIdentifier>
    </Filter>
    <Filter Include="Header Files\Platform">
      <UniqueIdentifier>{7adc4c76-d84e-4309-b655-a8edeb530ff6}</UniqueIdentifier>
    </Filter>
    <Filter Include="Header Files\Drawing">
      <UniqueIdentifier>{3c40c6e5-13a2-4167-8206-0c1aff137e95}</UniqueIdentifier>
    </Filter>
    <Filter Include="Header Files\FML">
      <UniqueIdentifier>{2df96f80-c727-4fba-80d1-4db7b4267923}</UniqueIdentifier>
    </Filter>
    <Filter Include="Header Files\Profiling">
      <UniqueIdentifier>{2ab806c8-0f24-4124-8614-16cdc2ea312d}</UniqueIdentifier>
    </Filter>
    <Filter Include="Source Files\Profiling">
      <UniqueIdentifier>{3d6ed653-ae58-4e89-9f32-cdde7bba52c2}</UniqueIdentifier>
    </Filter>
    <Filter Include="Assets">
      <UniqueIdentifier>{8faa85f7-73a2-4454-a8e7-e6ba0c45839c}</UniqueIdentifier>
    </Filter>
    <Filter Include="Header Files\Math">
      <UniqueIdentifier>{733ee4ae-ea31-4178-ac0b-47a8e53f0800}</UniqueIdentifier>
    </Filter>
  </ItemGroup>
  <ItemGroup>
    <ClCompile Include="..\..\src\platform_win32\WinMain.cpp">
      <Filter>Source Files\Platform</Filter>
    </ClCompile>
    <ClCompile Include="..\..\src\platform_win32\MainWindow.cpp">
      <Filter>Source Files\Platform</Filter>
    </ClCompile>
    <ClCompile Include="..\..\src\platform_win32\Direct3D12View.cpp">
      <Filter>Source Files\Platform</Filter>
    </ClCompile>
    <ClCompile Include="..\..\src\platform_win32\GameState.cpp">
      <Filter>Source Files\Platform</Filter>
    </ClCompile>
    <ClCompile Include="..\..\src\game\Project256.cpp">
      <Filter>Source Files</Filter>
    </ClCompile>
    <ClCompile Include="..\..\src\game\Profiling\Timings.cpp">
      <Filter>Source Files\Profiling</Filter>
    </ClCompile>
  </ItemGroup>
  <ItemGroup>
    <ClInclude Include="..\..\src\game\Project256.h">
      <Filter>Header Files</Filter>
    </ClInclude>
    <ClInclude Include="..\..\src\platform_win32\MainWindow.h">
      <Filter>Header Files\Platform</Filter>
    </ClInclude>
    <ClInclude Include="..\..\src\platform_win32\Direct3D12View.h">
      <Filter>Header Files\Platform</Filter>
    </ClInclude>
    <ClInclude Include="..\..\src\platform_win32\GameState.h">
      <Filter>Header Files\Platform</Filter>
    </ClInclude>
    <ClInclude Include="..\..\src\game\defines.h">
      <Filter>Header Files</Filter>
    </ClInclude>
    <ClInclude Include="..\..\src\game\FML\RangesAtHome.hpp">
      <Filter>Header Files\FML</Filter>
    </ClInclude>
    <ClInclude Include="..\..\src\game\Drawing\Palettes.hpp">
      <Filter>Header Files\Drawing</Filter>
    </ClInclude>
    <ClInclude Include="..\..\src\game\Drawing\Generators.hpp">
      <Filter>Header Files\Drawing</Filter>
    </ClInclude>
    <ClInclude Include="..\..\src\game\Drawing\Sprites.hpp">
      <Filter>Header Files\Drawing</Filter>
    </ClInclude>
    <ClInclude Include="..\..\src\game\Profiling\Timings.h">
      <Filter>Header Files\Profiling</Filter>
    </ClInclude>
    <ClInclude Include="..\..\src\game\Math\Vec2Math.hpp">
      <Filter>Header Files\Math</Filter>
    </ClInclude>
  </ItemGroup>
  <ItemGroup>
    <CopyFileToFolders Include="..\..\src\platform_win32\Shader.hlsl">
      <Filter>Source Files\Platform</Filter>
    </CopyFileToFolders>
    <CopyFileToFolders Include="..\..\assets\CharacterRomPET8x8x256.bin">
      <Filter>Assets</Filter>
    </CopyFileToFolders>
  </ItemGroup>
  <ItemGroup>
    <Image Include="..\..\assets\test.bmp">
      <Filter>Assets</Filter>
    </Image>
  </ItemGroup>
</Project>